{
	"name": "@icon1/core",
	"version": "0.0.1",
	"lockfileVersion": 2,
	"requires": true,
	"packages": {
		"": {
			"name": "@icon1/core",
			"version": "0.0.1",
			"license": "MIT",
			"devDependencies": {
				"@types/react": "^16.8.6 || ^17.0.0",
				"react": "^16.12",
				"react-dom": "^16.12",
				"react-flow-renderer": "^9.6.0"
			},
			"peerDependencies": {
				"@types/react": "^16.8.6 || ^17.0.0",
				"react": "^16.8 || ^17.0"
			},
			"peerDependenciesMeta": {
				"@types/react": {
					"optional": true
				}
			}
		},
		"node_modules/@babel/runtime": {
			"version": "7.16.3",
			"resolved": "https://registry.npmjs.org/@babel/runtime/-/runtime-7.16.3.tgz",
			"integrity": "sha512-WBwekcqacdY2e9AF/Q7WLFUWmdJGJTkbjqTjoMDgXkVZ3ZRUvOPsLb5KdwISoQVsbP+DQzVZW4Zhci0DvpbNTQ==",
			"dev": true,
			"dependencies": {
				"regenerator-runtime": "^0.13.4"
			},
			"engines": {
				"node": ">=6.9.0"
			}
		},
		"node_modules/@types/d3": {
			"version": "7.1.0",
			"resolved": "https://registry.npmjs.org/@types/d3/-/d3-7.1.0.tgz",
			"integrity": "sha512-gYWvgeGjEl+zmF8c+U1RNIKqe7sfQwIXeLXO5Os72TjDjCEtgpvGBvZ8dXlAuSS1m6B90Y1Uo6Bm36OGR/OtCA==",
			"dev": true,
			"dependencies": {
				"@types/d3-array": "*",
				"@types/d3-axis": "*",
				"@types/d3-brush": "*",
				"@types/d3-chord": "*",
				"@types/d3-color": "*",
				"@types/d3-contour": "*",
				"@types/d3-delaunay": "*",
				"@types/d3-dispatch": "*",
				"@types/d3-drag": "*",
				"@types/d3-dsv": "*",
				"@types/d3-ease": "*",
				"@types/d3-fetch": "*",
				"@types/d3-force": "*",
				"@types/d3-format": "*",
				"@types/d3-geo": "*",
				"@types/d3-hierarchy": "*",
				"@types/d3-interpolate": "*",
				"@types/d3-path": "*",
				"@types/d3-polygon": "*",
				"@types/d3-quadtree": "*",
				"@types/d3-random": "*",
				"@types/d3-scale": "*",
				"@types/d3-scale-chromatic": "*",
				"@types/d3-selection": "*",
				"@types/d3-shape": "*",
				"@types/d3-time": "*",
				"@types/d3-time-format": "*",
				"@types/d3-timer": "*",
				"@types/d3-transition": "*",
				"@types/d3-zoom": "*"
			}
		},
		"node_modules/@types/d3-array": {
			"version": "3.0.2",
			"resolved": "https://registry.npmjs.org/@types/d3-array/-/d3-array-3.0.2.tgz",
			"integrity": "sha512-5mjGjz6XOXKOCdTajXTZ/pMsg236RdiwKPrRPWAEf/2S/+PzwY+LLYShUpeysWaMvsdS7LArh6GdUefoxpchsQ==",
			"dev": true
		},
		"node_modules/@types/d3-axis": {
			"version": "3.0.1",
			"resolved": "https://registry.npmjs.org/@types/d3-axis/-/d3-axis-3.0.1.tgz",
			"integrity": "sha512-zji/iIbdd49g9WN0aIsGcwcTBUkgLsCSwB+uH+LPVDAiKWENMtI3cJEWt+7/YYwelMoZmbBfzA3qCdrZ2XFNnw==",
			"dev": true,
			"dependencies": {
				"@types/d3-selection": "*"
			}
		},
		"node_modules/@types/d3-brush": {
			"version": "3.0.1",
			"resolved": "https://registry.npmjs.org/@types/d3-brush/-/d3-brush-3.0.1.tgz",
			"integrity": "sha512-B532DozsiTuQMHu2YChdZU0qsFJSio3Q6jmBYGYNp3gMDzBmuFFgPt9qKA4VYuLZMp4qc6eX7IUFUEsvHiXZAw==",
			"dev": true,
			"dependencies": {
				"@types/d3-selection": "*"
			}
		},
		"node_modules/@types/d3-chord": {
			"version": "3.0.1",
			"resolved": "https://registry.npmjs.org/@types/d3-chord/-/d3-chord-3.0.1.tgz",
			"integrity": "sha512-eQfcxIHrg7V++W8Qxn6QkqBNBokyhdWSAS73AbkbMzvLQmVVBviknoz2SRS/ZJdIOmhcmmdCRE/NFOm28Z1AMw==",
			"dev": true
		},
		"node_modules/@types/d3-color": {
			"version": "3.0.2",
			"resolved": "https://registry.npmjs.org/@types/d3-color/-/d3-color-3.0.2.tgz",
			"integrity": "sha512-WVx6zBiz4sWlboCy7TCgjeyHpNjMsoF36yaagny1uXfbadc9f+5BeBf7U+lRmQqY3EHbGQpP8UdW8AC+cywSwQ==",
			"dev": true
		},
		"node_modules/@types/d3-contour": {
			"version": "3.0.1",
			"resolved": "https://registry.npmjs.org/@types/d3-contour/-/d3-contour-3.0.1.tgz",
			"integrity": "sha512-C3zfBrhHZvrpAAK3YXqLWVAGo87A4SvJ83Q/zVJ8rFWJdKejUnDYaWZPkA8K84kb2vDA/g90LTQAz7etXcgoQQ==",
			"dev": true,
			"dependencies": {
				"@types/d3-array": "*",
				"@types/geojson": "*"
			}
		},
		"node_modules/@types/d3-delaunay": {
			"version": "6.0.0",
			"resolved": "https://registry.npmjs.org/@types/d3-delaunay/-/d3-delaunay-6.0.0.tgz",
			"integrity": "sha512-iGm7ZaGLq11RK3e69VeMM6Oqj2SjKUB9Qhcyd1zIcqn2uE8w9GFB445yCY46NOQO3ByaNyktX1DK+Etz7ZaX+w==",
			"dev": true
		},
		"node_modules/@types/d3-dispatch": {
			"version": "3.0.1",
			"resolved": "https://registry.npmjs.org/@types/d3-dispatch/-/d3-dispatch-3.0.1.tgz",
			"integrity": "sha512-NhxMn3bAkqhjoxabVJWKryhnZXXYYVQxaBnbANu0O94+O/nX9qSjrA1P1jbAQJxJf+VC72TxDX/YJcKue5bRqw==",
			"dev": true
		},
		"node_modules/@types/d3-drag": {
			"version": "3.0.1",
			"resolved": "https://registry.npmjs.org/@types/d3-drag/-/d3-drag-3.0.1.tgz",
			"integrity": "sha512-o1Va7bLwwk6h03+nSM8dpaGEYnoIG19P0lKqlic8Un36ymh9NSkNFX1yiXMKNMx8rJ0Kfnn2eovuFaL6Jvj0zA==",
			"dev": true,
			"dependencies": {
				"@types/d3-selection": "*"
			}
		},
		"node_modules/@types/d3-dsv": {
			"version": "3.0.0",
			"resolved": "https://registry.npmjs.org/@types/d3-dsv/-/d3-dsv-3.0.0.tgz",
			"integrity": "sha512-o0/7RlMl9p5n6FQDptuJVMxDf/7EDEv2SYEO/CwdG2tr1hTfUVi0Iavkk2ax+VpaQ/1jVhpnj5rq1nj8vwhn2A==",
			"dev": true
		},
		"node_modules/@types/d3-ease": {
			"version": "3.0.0",
			"resolved": "https://registry.npmjs.org/@types/d3-ease/-/d3-ease-3.0.0.tgz",
			"integrity": "sha512-aMo4eaAOijJjA6uU+GIeW018dvy9+oH5Y2VPPzjjfxevvGQ/oRDs+tfYC9b50Q4BygRR8yE2QCLsrT0WtAVseA==",
			"dev": true
		},
		"node_modules/@types/d3-fetch": {
			"version": "3.0.1",
			"resolved": "https://registry.npmjs.org/@types/d3-fetch/-/d3-fetch-3.0.1.tgz",
			"integrity": "sha512-toZJNOwrOIqz7Oh6Q7l2zkaNfXkfR7mFSJvGvlD/Ciq/+SQ39d5gynHJZ/0fjt83ec3WL7+u3ssqIijQtBISsw==",
			"dev": true,
			"dependencies": {
				"@types/d3-dsv": "*"
			}
		},
		"node_modules/@types/d3-force": {
			"version": "3.0.3",
			"resolved": "https://registry.npmjs.org/@types/d3-force/-/d3-force-3.0.3.tgz",
			"integrity": "sha512-z8GteGVfkWJMKsx6hwC3SiTSLspL98VNpmvLpEFJQpZPq6xpA1I8HNBDNSpukfK0Vb0l64zGFhzunLgEAcBWSA==",
			"dev": true
		},
		"node_modules/@types/d3-format": {
			"version": "3.0.1",
			"resolved": "https://registry.npmjs.org/@types/d3-format/-/d3-format-3.0.1.tgz",
			"integrity": "sha512-5KY70ifCCzorkLuIkDe0Z9YTf9RR2CjBX1iaJG+rgM/cPP+sO+q9YdQ9WdhQcgPj1EQiJ2/0+yUkkziTG6Lubg==",
			"dev": true
		},
		"node_modules/@types/d3-geo": {
			"version": "3.0.2",
			"resolved": "https://registry.npmjs.org/@types/d3-geo/-/d3-geo-3.0.2.tgz",
			"integrity": "sha512-DbqK7MLYA8LpyHQfv6Klz0426bQEf7bRTvhMy44sNGVyZoWn//B0c+Qbeg8Osi2Obdc9BLLXYAKpyWege2/7LQ==",
			"dev": true,
			"dependencies": {
				"@types/geojson": "*"
			}
		},
		"node_modules/@types/d3-hierarchy": {
			"version": "3.0.2",
			"resolved": "https://registry.npmjs.org/@types/d3-hierarchy/-/d3-hierarchy-3.0.2.tgz",
			"integrity": "sha512-+krnrWOZ+aQB6v+E+jEkmkAx9HvsNAD+1LCD0vlBY3t+HwjKnsBFbpVLx6WWzDzCIuiTWdAxXMEnGnVXpB09qQ==",
			"dev": true
		},
		"node_modules/@types/d3-interpolate": {
			"version": "3.0.1",
			"resolved": "https://registry.npmjs.org/@types/d3-interpolate/-/d3-interpolate-3.0.1.tgz",
			"integrity": "sha512-jx5leotSeac3jr0RePOH1KdR9rISG91QIE4Q2PYTu4OymLTZfA3SrnURSLzKH48HmXVUru50b8nje4E79oQSQw==",
			"dev": true,
			"dependencies": {
				"@types/d3-color": "*"
			}
		},
		"node_modules/@types/d3-path": {
			"version": "3.0.0",
			"resolved": "https://registry.npmjs.org/@types/d3-path/-/d3-path-3.0.0.tgz",
			"integrity": "sha512-0g/A+mZXgFkQxN3HniRDbXMN79K3CdTpLsevj+PXiTcb2hVyvkZUBg37StmgCQkaD84cUJ4uaDAWq7UJOQy2Tg==",
			"dev": true
		},
		"node_modules/@types/d3-polygon": {
			"version": "3.0.0",
			"resolved": "https://registry.npmjs.org/@types/d3-polygon/-/d3-polygon-3.0.0.tgz",
			"integrity": "sha512-D49z4DyzTKXM0sGKVqiTDTYr+DHg/uxsiWDAkNrwXYuiZVd9o9wXZIo+YsHkifOiyBkmSWlEngHCQme54/hnHw==",
			"dev": true
		},
		"node_modules/@types/d3-quadtree": {
			"version": "3.0.2",
			"resolved": "https://registry.npmjs.org/@types/d3-quadtree/-/d3-quadtree-3.0.2.tgz",
			"integrity": "sha512-QNcK8Jguvc8lU+4OfeNx+qnVy7c0VrDJ+CCVFS9srBo2GL9Y18CnIxBdTF3v38flrGy5s1YggcoAiu6s4fLQIw==",
			"dev": true
		},
		"node_modules/@types/d3-random": {
			"version": "3.0.1",
			"resolved": "https://registry.npmjs.org/@types/d3-random/-/d3-random-3.0.1.tgz",
			"integrity": "sha512-IIE6YTekGczpLYo/HehAy3JGF1ty7+usI97LqraNa8IiDur+L44d0VOjAvFQWJVdZOJHukUJw+ZdZBlgeUsHOQ==",
			"dev": true
		},
		"node_modules/@types/d3-scale": {
			"version": "4.0.2",
			"resolved": "https://registry.npmjs.org/@types/d3-scale/-/d3-scale-4.0.2.tgz",
			"integrity": "sha512-Yk4htunhPAwN0XGlIwArRomOjdoBFXC3+kCxK2Ubg7I9shQlVSJy/pG/Ht5ASN+gdMIalpk8TJ5xV74jFsetLA==",
			"dev": true,
			"dependencies": {
				"@types/d3-time": "*"
			}
		},
		"node_modules/@types/d3-scale-chromatic": {
			"version": "3.0.0",
			"resolved": "https://registry.npmjs.org/@types/d3-scale-chromatic/-/d3-scale-chromatic-3.0.0.tgz",
			"integrity": "sha512-dsoJGEIShosKVRBZB0Vo3C8nqSDqVGujJU6tPznsBJxNJNwMF8utmS83nvCBKQYPpjCzaaHcrf66iTRpZosLPw==",
			"dev": true
		},
		"node_modules/@types/d3-selection": {
			"version": "3.0.1",
			"resolved": "https://registry.npmjs.org/@types/d3-selection/-/d3-selection-3.0.1.tgz",
			"integrity": "sha512-aJ1d1SCUtERHH65bB8NNoLpUOI3z8kVcfg2BGm4rMMUwuZF4x6qnIEKjT60Vt0o7gP/a/xkRVs4D9CpDifbyRA==",
			"dev": true
		},
		"node_modules/@types/d3-shape": {
			"version": "3.0.2",
			"resolved": "https://registry.npmjs.org/@types/d3-shape/-/d3-shape-3.0.2.tgz",
			"integrity": "sha512-5+ButCmIfNX8id5seZ7jKj3igdcxx+S9IDBiT35fQGTLZUfkFgTv+oBH34xgeoWDKpWcMITSzBILWQtBoN5Piw==",
			"dev": true,
			"dependencies": {
				"@types/d3-path": "*"
			}
		},
		"node_modules/@types/d3-time": {
			"version": "3.0.0",
			"resolved": "https://registry.npmjs.org/@types/d3-time/-/d3-time-3.0.0.tgz",
			"integrity": "sha512-sZLCdHvBUcNby1cB6Fd3ZBrABbjz3v1Vm90nysCQ6Vt7vd6e/h9Lt7SiJUoEX0l4Dzc7P5llKyhqSi1ycSf1Hg==",
			"dev": true
		},
		"node_modules/@types/d3-time-format": {
			"version": "4.0.0",
			"resolved": "https://registry.npmjs.org/@types/d3-time-format/-/d3-time-format-4.0.0.tgz",
			"integrity": "sha512-yjfBUe6DJBsDin2BMIulhSHmr5qNR5Pxs17+oW4DoVPyVIXZ+m6bs7j1UVKP08Emv6jRmYrYqxYzO63mQxy1rw==",
			"dev": true
		},
		"node_modules/@types/d3-timer": {
			"version": "3.0.0",
			"resolved": "https://registry.npmjs.org/@types/d3-timer/-/d3-timer-3.0.0.tgz",
			"integrity": "sha512-HNB/9GHqu7Fo8AQiugyJbv6ZxYz58wef0esl4Mv828w1ZKpAshw/uFWVDUcIB9KKFeFKoxS3cHY07FFgtTRZ1g==",
			"dev": true
		},
		"node_modules/@types/d3-transition": {
			"version": "3.0.1",
			"resolved": "https://registry.npmjs.org/@types/d3-transition/-/d3-transition-3.0.1.tgz",
			"integrity": "sha512-Sv4qEI9uq3bnZwlOANvYK853zvpdKEm1yz9rcc8ZTsxvRklcs9Fx4YFuGA3gXoQN/c/1T6QkVNjhaRO/cWj94g==",
			"dev": true,
			"dependencies": {
				"@types/d3-selection": "*"
			}
		},
		"node_modules/@types/d3-zoom": {
			"version": "3.0.1",
			"resolved": "https://registry.npmjs.org/@types/d3-zoom/-/d3-zoom-3.0.1.tgz",
			"integrity": "sha512-7s5L9TjfqIYQmQQEUcpMAcBOahem7TRoSO/+Gkz02GbMVuULiZzjF2BOdw291dbO2aNon4m2OdFsRGaCq2caLQ==",
			"dev": true,
			"dependencies": {
				"@types/d3-interpolate": "*",
				"@types/d3-selection": "*"
			}
		},
		"node_modules/@types/geojson": {
			"version": "7946.0.8",
			"resolved": "https://registry.npmjs.org/@types/geojson/-/geojson-7946.0.8.tgz",
			"integrity": "sha512-1rkryxURpr6aWP7R786/UQOkJ3PcpQiWkAXBmdWc7ryFWqN6a4xfK7BtjXvFBKO9LjQ+MWQSWxYeZX1OApnArA==",
			"dev": true
		},
		"node_modules/@types/hoist-non-react-statics": {
			"version": "3.3.1",
			"resolved": "https://registry.npmjs.org/@types/hoist-non-react-statics/-/hoist-non-react-statics-3.3.1.tgz",
			"integrity": "sha512-iMIqiko6ooLrTh1joXodJK5X9xeEALT1kM5G3ZLhD3hszxBdIEd5C75U834D9mLcINgD4OyZf5uQXjkuYydWvA==",
			"dev": true,
			"dependencies": {
				"@types/react": "*",
				"hoist-non-react-statics": "^3.3.0"
			}
		},
		"node_modules/@types/prop-types": {
			"version": "15.7.4",
			"resolved": "https://registry.npmjs.org/@types/prop-types/-/prop-types-15.7.4.tgz",
			"integrity": "sha512-rZ5drC/jWjrArrS8BR6SIr4cWpW09RNTYt9AMZo3Jwwif+iacXAqgVjm0B0Bv/S1jhDXKHqRVNCbACkJ89RAnQ==",
			"dev": true
		},
		"node_modules/@types/react": {
			"version": "17.0.37",
			"resolved": "https://registry.npmjs.org/@types/react/-/react-17.0.37.tgz",
			"integrity": "sha512-2FS1oTqBGcH/s0E+CjrCCR9+JMpsu9b69RTFO+40ua43ZqP5MmQ4iUde/dMjWR909KxZwmOQIFq6AV6NjEG5xg==",
			"dev": true,
			"dependencies": {
				"@types/prop-types": "*",
				"@types/scheduler": "*",
				"csstype": "^3.0.2"
			}
		},
		"node_modules/@types/react-redux": {
			"version": "7.1.20",
			"resolved": "https://registry.npmjs.org/@types/react-redux/-/react-redux-7.1.20.tgz",
			"integrity": "sha512-q42es4c8iIeTgcnB+yJgRTTzftv3eYYvCZOh1Ckn2eX/3o5TdsQYKUWpLoLuGlcY/p+VAhV9IOEZJcWk/vfkXw==",
			"dev": true,
			"dependencies": {
				"@types/hoist-non-react-statics": "^3.3.0",
				"@types/react": "*",
				"hoist-non-react-statics": "^3.3.0",
				"redux": "^4.0.0"
			}
		},
		"node_modules/@types/scheduler": {
			"version": "0.16.2",
			"resolved": "https://registry.npmjs.org/@types/scheduler/-/scheduler-0.16.2.tgz",
			"integrity": "sha512-hppQEBDmlwhFAXKJX2KnWLYu5yMfi91yazPb2l+lbJiwW+wdo1gNeRA+3RgNSO39WYX2euey41KEwnqesU2Jew==",
			"dev": true
		},
		"node_modules/classcat": {
			"version": "5.0.3",
			"resolved": "https://registry.npmjs.org/classcat/-/classcat-5.0.3.tgz",
			"integrity": "sha512-6dK2ke4VEJZOFx2ZfdDAl5OhEL8lvkl6EHF92IfRePfHxQTqir5NlcNVUv+2idjDqCX2NDc8m8YSAI5NI975ZQ==",
			"dev": true
		},
		"node_modules/clsx": {
			"version": "1.1.1",
			"resolved": "https://registry.npmjs.org/clsx/-/clsx-1.1.1.tgz",
			"integrity": "sha512-6/bPho624p3S2pMyvP5kKBPXnI3ufHLObBFCfgx+LkeR5lg2XYy2hqZqUf45ypD8COn2bhgGJSUE+l5dhNBieA==",
			"dev": true,
			"engines": {
				"node": ">=6"
			}
		},
		"node_modules/csstype": {
			"version": "3.0.10",
			"resolved": "https://registry.npmjs.org/csstype/-/csstype-3.0.10.tgz",
			"integrity": "sha512-2u44ZG2OcNUO9HDp/Jl8C07x6pU/eTR3ncV91SiK3dhG9TWvRVsCoJw14Ckx5DgWkzGA3waZWO3d7pgqpUI/XA==",
			"dev": true
		},
		"node_modules/d3-color": {
			"version": "3.0.1",
			"resolved": "https://registry.npmjs.org/d3-color/-/d3-color-3.0.1.tgz",
			"integrity": "sha512-6/SlHkDOBLyQSJ1j1Ghs82OIUXpKWlR0hCsw0XrLSQhuUPuCSmLQ1QPH98vpnQxMUQM2/gfAkUEWsupVpd9JGw==",
			"dev": true,
			"engines": {
				"node": ">=12"
			}
		},
		"node_modules/d3-dispatch": {
			"version": "3.0.1",
			"resolved": "https://registry.npmjs.org/d3-dispatch/-/d3-dispatch-3.0.1.tgz",
			"integrity": "sha512-rzUyPU/S7rwUflMyLc1ETDeBj0NRuHKKAcvukozwhshr6g6c5d8zh4c2gQjY2bZ0dXeGLWc1PF174P2tVvKhfg==",
			"dev": true,
			"engines": {
				"node": ">=12"
			}
		},
		"node_modules/d3-drag": {
			"version": "3.0.0",
			"resolved": "https://registry.npmjs.org/d3-drag/-/d3-drag-3.0.0.tgz",
			"integrity": "sha512-pWbUJLdETVA8lQNJecMxoXfH6x+mO2UQo8rSmZ+QqxcbyA3hfeprFgIT//HW2nlHChWeIIMwS2Fq+gEARkhTkg==",
			"dev": true,
			"dependencies": {
				"d3-dispatch": "1 - 3",
				"d3-selection": "3"
			},
			"engines": {
				"node": ">=12"
			}
		},
		"node_modules/d3-ease": {
			"version": "3.0.1",
			"resolved": "https://registry.npmjs.org/d3-ease/-/d3-ease-3.0.1.tgz",
			"integrity": "sha512-wR/XK3D3XcLIZwpbvQwQ5fK+8Ykds1ip7A2Txe0yxncXSdq1L9skcG7blcedkOX+ZcgxGAmLX1FrRGbADwzi0w==",
			"dev": true,
			"engines": {
				"node": ">=12"
			}
		},
		"node_modules/d3-interpolate": {
			"version": "3.0.1",
			"resolved": "https://registry.npmjs.org/d3-interpolate/-/d3-interpolate-3.0.1.tgz",
			"integrity": "sha512-3bYs1rOD33uo8aqJfKP3JWPAibgw8Zm2+L9vBKEHJ2Rg+viTR7o5Mmv5mZcieN+FRYaAOWX5SJATX6k1PWz72g==",
			"dev": true,
			"dependencies": {
				"d3-color": "1 - 3"
			},
			"engines": {
				"node": ">=12"
			}
		},
		"node_modules/d3-selection": {
			"version": "3.0.0",
			"resolved": "https://registry.npmjs.org/d3-selection/-/d3-selection-3.0.0.tgz",
			"integrity": "sha512-fmTRWbNMmsmWq6xJV8D19U/gw/bwrHfNXxrIN+HfZgnzqTHp9jOmKMhsTUjXOJnZOdZY9Q28y4yebKzqDKlxlQ==",
			"dev": true,
			"engines": {
				"node": ">=12"
			}
		},
		"node_modules/d3-timer": {
			"version": "3.0.1",
			"resolved": "https://registry.npmjs.org/d3-timer/-/d3-timer-3.0.1.tgz",
			"integrity": "sha512-ndfJ/JxxMd3nw31uyKoY2naivF+r29V+Lc0svZxe1JvvIRmi8hUsrMvdOwgS1o6uBHmiz91geQ0ylPP0aj1VUA==",
			"dev": true,
			"engines": {
				"node": ">=12"
			}
		},
		"node_modules/d3-transition": {
			"version": "3.0.1",
			"resolved": "https://registry.npmjs.org/d3-transition/-/d3-transition-3.0.1.tgz",
			"integrity": "sha512-ApKvfjsSR6tg06xrL434C0WydLr7JewBB3V+/39RMHsaXTOG0zmt/OAXeng5M5LBm0ojmxJrpomQVZ1aPvBL4w==",
			"dev": true,
			"dependencies": {
				"d3-color": "1 - 3",
				"d3-dispatch": "1 - 3",
				"d3-ease": "1 - 3",
				"d3-interpolate": "1 - 3",
				"d3-timer": "1 - 3"
			},
			"engines": {
				"node": ">=12"
			},
			"peerDependencies": {
				"d3-selection": "2 - 3"
			}
		},
		"node_modules/d3-zoom": {
			"version": "3.0.0",
			"resolved": "https://registry.npmjs.org/d3-zoom/-/d3-zoom-3.0.0.tgz",
			"integrity": "sha512-b8AmV3kfQaqWAuacbPuNbL6vahnOJflOhexLzMMNLga62+/nh0JzvJ0aO/5a5MVgUFGS7Hu1P9P03o3fJkDCyw==",
			"dev": true,
			"dependencies": {
				"d3-dispatch": "1 - 3",
				"d3-drag": "2 - 3",
				"d3-interpolate": "1 - 3",
				"d3-selection": "2 - 3",
				"d3-transition": "2 - 3"
			},
			"engines": {
				"node": ">=12"
			}
		},
		"node_modules/fast-deep-equal": {
			"version": "3.1.3",
			"resolved": "https://registry.npmjs.org/fast-deep-equal/-/fast-deep-equal-3.1.3.tgz",
			"integrity": "sha512-f3qQ9oQy9j2AhBe/H9VC91wLmKBCCU/gDOnKNAYG5hswO7BLKj09Hc5HYNz9cGI++xlpDCIgDaitVs03ATR84Q==",
			"dev": true
		},
		"node_modules/hoist-non-react-statics": {
			"version": "3.3.2",
			"resolved": "https://registry.npmjs.org/hoist-non-react-statics/-/hoist-non-react-statics-3.3.2.tgz",
			"integrity": "sha512-/gGivxi8JPKWNm/W0jSmzcMPpfpPLc3dY/6GxhX2hQ9iGj3aDfklV4ET7NjKpSinLpJ5vafa9iiGIEZg10SfBw==",
			"dev": true,
			"dependencies": {
				"react-is": "^16.7.0"
			}
		},
		"node_modules/js-tokens": {
			"version": "4.0.0",
			"resolved": "https://registry.npmjs.org/js-tokens/-/js-tokens-4.0.0.tgz",
			"integrity": "sha512-RdJUflcE3cUzKiMqQgsCu06FPu9UdIJO0beYbPhHN4k6apgJtifcoCtT9bcxOpYBtpD2kCM6Sbzg4CausW/PKQ==",
			"dev": true
		},
		"node_modules/loose-envify": {
			"version": "1.4.0",
			"resolved": "https://registry.npmjs.org/loose-envify/-/loose-envify-1.4.0.tgz",
			"integrity": "sha512-lyuxPGr/Wfhrlem2CL/UcnUc1zcqKAImBDzukY7Y5F/yQiNdko6+fRLevlw1HgMySw7f611UIY408EtxRSoK3Q==",
			"dev": true,
			"dependencies": {
				"js-tokens": "^3.0.0 || ^4.0.0"
			},
			"bin": {
				"loose-envify": "cli.js"
			}
		},
		"node_modules/object-assign": {
			"version": "4.1.1",
			"resolved": "https://registry.npmjs.org/object-assign/-/object-assign-4.1.1.tgz",
			"integrity": "sha1-IQmtx5ZYh8/AXLvUQsrIv7s2CGM=",
			"dev": true,
			"engines": {
				"node": ">=0.10.0"
			}
		},
		"node_modules/prop-types": {
			"version": "15.7.2",
			"resolved": "https://registry.npmjs.org/prop-types/-/prop-types-15.7.2.tgz",
			"integrity": "sha512-8QQikdH7//R2vurIJSutZ1smHYTcLpRWEOlHnzcWHmBYrOGUysKwSsrC89BCiFj3CbrfJ/nXFdJepOVrY1GCHQ==",
			"dev": true,
			"dependencies": {
				"loose-envify": "^1.4.0",
				"object-assign": "^4.1.1",
				"react-is": "^16.8.1"
			}
		},
		"node_modules/react": {
			"version": "16.14.0",
			"resolved": "https://registry.npmjs.org/react/-/react-16.14.0.tgz",
			"integrity": "sha512-0X2CImDkJGApiAlcf0ODKIneSwBPhqJawOa5wCtKbu7ZECrmS26NvtSILynQ66cgkT/RJ4LidJOc3bUESwmU8g==",
			"dev": true,
			"dependencies": {
				"loose-envify": "^1.1.0",
				"object-assign": "^4.1.1",
				"prop-types": "^15.6.2"
			},
			"engines": {
				"node": ">=0.10.0"
			}
		},
		"node_modules/react-dom": {
			"version": "16.14.0",
			"resolved": "https://registry.npmjs.org/react-dom/-/react-dom-16.14.0.tgz",
			"integrity": "sha512-1gCeQXDLoIqMgqD3IO2Ah9bnf0w9kzhwN5q4FGnHZ67hBm9yePzB5JJAIQCc8x3pFnNlwFq4RidZggNAAkzWWw==",
			"dev": true,
			"dependencies": {
				"loose-envify": "^1.1.0",
				"object-assign": "^4.1.1",
				"prop-types": "^15.6.2",
				"scheduler": "^0.19.1"
			},
			"peerDependencies": {
				"react": "^16.14.0"
			}
		},
		"node_modules/react-draggable": {
			"version": "4.4.4",
			"resolved": "https://registry.npmjs.org/react-draggable/-/react-draggable-4.4.4.tgz",
			"integrity": "sha512-6e0WdcNLwpBx/YIDpoyd2Xb04PB0elrDrulKUgdrIlwuYvxh5Ok9M+F8cljm8kPXXs43PmMzek9RrB1b7mLMqA==",
			"dev": true,
			"dependencies": {
				"clsx": "^1.1.1",
				"prop-types": "^15.6.0"
			},
			"peerDependencies": {
				"react": ">= 16.3.0",
				"react-dom": ">= 16.3.0"
			}
		},
		"node_modules/react-flow-renderer": {
			"version": "9.6.11",
			"resolved": "https://registry.npmjs.org/react-flow-renderer/-/react-flow-renderer-9.6.11.tgz",
			"integrity": "sha512-6bZC5nk/8ezTFyK3YC6ewxiH8BvHlY/UmNlZGpSt84bb0hQyfLFGylmpOA/cmkCfRbW3/zeZh7in6Jkydb4X8Q==",
			"dev": true,
			"dependencies": {
				"@babel/runtime": "^7.16.0",
				"@types/d3": "^7.1.0",
				"@types/react-redux": "^7.1.20",
				"classcat": "^5.0.3",
				"d3-selection": "^3.0.0",
				"d3-zoom": "^3.0.0",
				"fast-deep-equal": "^3.1.3",
				"react-draggable": "^4.4.4",
				"react-redux": "^7.2.6",
				"redux": "^4.1.2"
			},
			"engines": {
				"node": ">=12"
			},
			"peerDependencies": {
				"react": "16 || 17",
				"react-dom": "16 || 17"
			}
		},
		"node_modules/react-is": {
			"version": "16.13.1",
			"resolved": "https://registry.npmjs.org/react-is/-/react-is-16.13.1.tgz",
			"integrity": "sha512-24e6ynE2H+OKt4kqsOvNd8kBpV65zoxbA4BVsEOB3ARVWQki/DHzaUoC5KuON/BiccDaCCTZBuOcfZs70kR8bQ==",
			"dev": true
		},
		"node_modules/react-redux": {
			"version": "7.2.6",
			"resolved": "https://registry.npmjs.org/react-redux/-/react-redux-7.2.6.tgz",
			"integrity": "sha512-10RPdsz0UUrRL1NZE0ejTkucnclYSgXp5q+tB5SWx2qeG2ZJQJyymgAhwKy73yiL/13btfB6fPr+rgbMAaZIAQ==",
			"dev": true,
			"dependencies": {
				"@babel/runtime": "^7.15.4",
				"@types/react-redux": "^7.1.20",
				"hoist-non-react-statics": "^3.3.2",
				"loose-envify": "^1.4.0",
				"prop-types": "^15.7.2",
				"react-is": "^17.0.2"
			},
			"peerDependencies": {
				"react": "^16.8.3 || ^17"
			},
			"peerDependenciesMeta": {
				"react-dom": {
					"optional": true
				},
				"react-native": {
					"optional": true
				}
			}
		},
		"node_modules/react-redux/node_modules/react-is": {
			"version": "17.0.2",
			"resolved": "https://registry.npmjs.org/react-is/-/react-is-17.0.2.tgz",
			"integrity": "sha512-w2GsyukL62IJnlaff/nRegPQR94C/XXamvMWmSHRJ4y7Ts/4ocGRmTHvOs8PSE6pB3dWOrD/nueuU5sduBsQ4w==",
			"dev": true
		},
		"node_modules/redux": {
			"version": "4.1.2",
			"resolved": "https://registry.npmjs.org/redux/-/redux-4.1.2.tgz",
			"integrity": "sha512-SH8PglcebESbd/shgf6mii6EIoRM0zrQyjcuQ+ojmfxjTtE0z9Y8pa62iA/OJ58qjP6j27uyW4kUF4jl/jd6sw==",
			"dev": true,
			"dependencies": {
				"@babel/runtime": "^7.9.2"
			}
		},
		"node_modules/regenerator-runtime": {
			"version": "0.13.9",
			"resolved": "https://registry.npmjs.org/regenerator-runtime/-/regenerator-runtime-0.13.9.tgz",
			"integrity": "sha512-p3VT+cOEgxFsRRA9X4lkI1E+k2/CtnKtU4gcxyaCUreilL/vqI6CdZ3wxVUx3UOUg+gnUOQQcRI7BmSI656MYA==",
			"dev": true
		},
		"node_modules/scheduler": {
			"version": "0.19.1",
			"resolved": "https://registry.npmjs.org/scheduler/-/scheduler-0.19.1.tgz",
			"integrity": "sha512-n/zwRWRYSUj0/3g/otKDRPMh6qv2SYMWNq85IEa8iZyAv8od9zDYpGSnpBEjNgcMNq6Scbu5KfIPxNF72R/2EA==",
			"dev": true,
			"dependencies": {
				"loose-envify": "^1.1.0",
				"object-assign": "^4.1.1"
			}
		}
	},
	"dependencies": {
		"@babel/runtime": {
			"version": "7.16.3",
			"resolved": "https://registry.npmjs.org/@babel/runtime/-/runtime-7.16.3.tgz",
			"integrity": "sha512-WBwekcqacdY2e9AF/Q7WLFUWmdJGJTkbjqTjoMDgXkVZ3ZRUvOPsLb5KdwISoQVsbP+DQzVZW4Zhci0DvpbNTQ==",
			"dev": true,
			"requires": {
				"regenerator-runtime": "^0.13.4"
			}
		},
		"@types/d3": {
			"version": "7.1.0",
			"resolved": "https://registry.npmjs.org/@types/d3/-/d3-7.1.0.tgz",
			"integrity": "sha512-gYWvgeGjEl+zmF8c+U1RNIKqe7sfQwIXeLXO5Os72TjDjCEtgpvGBvZ8dXlAuSS1m6B90Y1Uo6Bm36OGR/OtCA==",
			"dev": true,
			"requires": {
				"@types/d3-array": "*",
				"@types/d3-axis": "*",
				"@types/d3-brush": "*",
				"@types/d3-chord": "*",
				"@types/d3-color": "*",
				"@types/d3-contour": "*",
				"@types/d3-delaunay": "*",
				"@types/d3-dispatch": "*",
				"@types/d3-drag": "*",
				"@types/d3-dsv": "*",
				"@types/d3-ease": "*",
				"@types/d3-fetch": "*",
				"@types/d3-force": "*",
				"@types/d3-format": "*",
				"@types/d3-geo": "*",
				"@types/d3-hierarchy": "*",
				"@types/d3-interpolate": "*",
				"@types/d3-path": "*",
				"@types/d3-polygon": "*",
				"@types/d3-quadtree": "*",
				"@types/d3-random": "*",
				"@types/d3-scale": "*",
				"@types/d3-scale-chromatic": "*",
				"@types/d3-selection": "*",
				"@types/d3-shape": "*",
				"@types/d3-time": "*",
				"@types/d3-time-format": "*",
				"@types/d3-timer": "*",
				"@types/d3-transition": "*",
				"@types/d3-zoom": "*"
			}
		},
		"@types/d3-array": {
			"version": "3.0.2",
			"resolved": "https://registry.npmjs.org/@types/d3-array/-/d3-array-3.0.2.tgz",
			"integrity": "sha512-5mjGjz6XOXKOCdTajXTZ/pMsg236RdiwKPrRPWAEf/2S/+PzwY+LLYShUpeysWaMvsdS7LArh6GdUefoxpchsQ==",
			"dev": true
		},
		"@types/d3-axis": {
			"version": "3.0.1",
			"resolved": "https://registry.npmjs.org/@types/d3-axis/-/d3-axis-3.0.1.tgz",
			"integrity": "sha512-zji/iIbdd49g9WN0aIsGcwcTBUkgLsCSwB+uH+LPVDAiKWENMtI3cJEWt+7/YYwelMoZmbBfzA3qCdrZ2XFNnw==",
			"dev": true,
			"requires": {
				"@types/d3-selection": "*"
			}
		},
		"@types/d3-brush": {
			"version": "3.0.1",
			"resolved": "https://registry.npmjs.org/@types/d3-brush/-/d3-brush-3.0.1.tgz",
			"integrity": "sha512-B532DozsiTuQMHu2YChdZU0qsFJSio3Q6jmBYGYNp3gMDzBmuFFgPt9qKA4VYuLZMp4qc6eX7IUFUEsvHiXZAw==",
			"dev": true,
			"requires": {
				"@types/d3-selection": "*"
			}
		},
		"@types/d3-chord": {
			"version": "3.0.1",
			"resolved": "https://registry.npmjs.org/@types/d3-chord/-/d3-chord-3.0.1.tgz",
			"integrity": "sha512-eQfcxIHrg7V++W8Qxn6QkqBNBokyhdWSAS73AbkbMzvLQmVVBviknoz2SRS/ZJdIOmhcmmdCRE/NFOm28Z1AMw==",
			"dev": true
		},
		"@types/d3-color": {
			"version": "3.0.2",
			"resolved": "https://registry.npmjs.org/@types/d3-color/-/d3-color-3.0.2.tgz",
			"integrity": "sha512-WVx6zBiz4sWlboCy7TCgjeyHpNjMsoF36yaagny1uXfbadc9f+5BeBf7U+lRmQqY3EHbGQpP8UdW8AC+cywSwQ==",
			"dev": true
		},
		"@types/d3-contour": {
			"version": "3.0.1",
			"resolved": "https://registry.npmjs.org/@types/d3-contour/-/d3-contour-3.0.1.tgz",
			"integrity": "sha512-C3zfBrhHZvrpAAK3YXqLWVAGo87A4SvJ83Q/zVJ8rFWJdKejUnDYaWZPkA8K84kb2vDA/g90LTQAz7etXcgoQQ==",
			"dev": true,
			"requires": {
				"@types/d3-array": "*",
				"@types/geojson": "*"
			}
		},
		"@types/d3-delaunay": {
			"version": "6.0.0",
			"resolved": "https://registry.npmjs.org/@types/d3-delaunay/-/d3-delaunay-6.0.0.tgz",
			"integrity": "sha512-iGm7ZaGLq11RK3e69VeMM6Oqj2SjKUB9Qhcyd1zIcqn2uE8w9GFB445yCY46NOQO3ByaNyktX1DK+Etz7ZaX+w==",
			"dev": true
		},
		"@types/d3-dispatch": {
			"version": "3.0.1",
			"resolved": "https://registry.npmjs.org/@types/d3-dispatch/-/d3-dispatch-3.0.1.tgz",
			"integrity": "sha512-NhxMn3bAkqhjoxabVJWKryhnZXXYYVQxaBnbANu0O94+O/nX9qSjrA1P1jbAQJxJf+VC72TxDX/YJcKue5bRqw==",
			"dev": true
		},
		"@types/d3-drag": {
			"version": "3.0.1",
			"resolved": "https://registry.npmjs.org/@types/d3-drag/-/d3-drag-3.0.1.tgz",
			"integrity": "sha512-o1Va7bLwwk6h03+nSM8dpaGEYnoIG19P0lKqlic8Un36ymh9NSkNFX1yiXMKNMx8rJ0Kfnn2eovuFaL6Jvj0zA==",
			"dev": true,
			"requires": {
				"@types/d3-selection": "*"
			}
		},
		"@types/d3-dsv": {
			"version": "3.0.0",
			"resolved": "https://registry.npmjs.org/@types/d3-dsv/-/d3-dsv-3.0.0.tgz",
			"integrity": "sha512-o0/7RlMl9p5n6FQDptuJVMxDf/7EDEv2SYEO/CwdG2tr1hTfUVi0Iavkk2ax+VpaQ/1jVhpnj5rq1nj8vwhn2A==",
			"dev": true
		},
		"@types/d3-ease": {
			"version": "3.0.0",
			"resolved": "https://registry.npmjs.org/@types/d3-ease/-/d3-ease-3.0.0.tgz",
			"integrity": "sha512-aMo4eaAOijJjA6uU+GIeW018dvy9+oH5Y2VPPzjjfxevvGQ/oRDs+tfYC9b50Q4BygRR8yE2QCLsrT0WtAVseA==",
			"dev": true
		},
		"@types/d3-fetch": {
			"version": "3.0.1",
			"resolved": "https://registry.npmjs.org/@types/d3-fetch/-/d3-fetch-3.0.1.tgz",
			"integrity": "sha512-toZJNOwrOIqz7Oh6Q7l2zkaNfXkfR7mFSJvGvlD/Ciq/+SQ39d5gynHJZ/0fjt83ec3WL7+u3ssqIijQtBISsw==",
			"dev": true,
			"requires": {
				"@types/d3-dsv": "*"
			}
		},
		"@types/d3-force": {
			"version": "3.0.3",
			"resolved": "https://registry.npmjs.org/@types/d3-force/-/d3-force-3.0.3.tgz",
			"integrity": "sha512-z8GteGVfkWJMKsx6hwC3SiTSLspL98VNpmvLpEFJQpZPq6xpA1I8HNBDNSpukfK0Vb0l64zGFhzunLgEAcBWSA==",
			"dev": true
		},
		"@types/d3-format": {
			"version": "3.0.1",
			"resolved": "https://registry.npmjs.org/@types/d3-format/-/d3-format-3.0.1.tgz",
			"integrity": "sha512-5KY70ifCCzorkLuIkDe0Z9YTf9RR2CjBX1iaJG+rgM/cPP+sO+q9YdQ9WdhQcgPj1EQiJ2/0+yUkkziTG6Lubg==",
			"dev": true
		},
		"@types/d3-geo": {
			"version": "3.0.2",
			"resolved": "https://registry.npmjs.org/@types/d3-geo/-/d3-geo-3.0.2.tgz",
			"integrity": "sha512-DbqK7MLYA8LpyHQfv6Klz0426bQEf7bRTvhMy44sNGVyZoWn//B0c+Qbeg8Osi2Obdc9BLLXYAKpyWege2/7LQ==",
			"dev": true,
			"requires": {
				"@types/geojson": "*"
			}
		},
		"@types/d3-hierarchy": {
			"version": "3.0.2",
			"resolved": "https://registry.npmjs.org/@types/d3-hierarchy/-/d3-hierarchy-3.0.2.tgz",
			"integrity": "sha512-+krnrWOZ+aQB6v+E+jEkmkAx9HvsNAD+1LCD0vlBY3t+HwjKnsBFbpVLx6WWzDzCIuiTWdAxXMEnGnVXpB09qQ==",
			"dev": true
		},
		"@types/d3-interpolate": {
			"version": "3.0.1",
			"resolved": "https://registry.npmjs.org/@types/d3-interpolate/-/d3-interpolate-3.0.1.tgz",
			"integrity": "sha512-jx5leotSeac3jr0RePOH1KdR9rISG91QIE4Q2PYTu4OymLTZfA3SrnURSLzKH48HmXVUru50b8nje4E79oQSQw==",
			"dev": true,
			"requires": {
				"@types/d3-color": "*"
			}
		},
		"@types/d3-path": {
			"version": "3.0.0",
			"resolved": "https://registry.npmjs.org/@types/d3-path/-/d3-path-3.0.0.tgz",
			"integrity": "sha512-0g/A+mZXgFkQxN3HniRDbXMN79K3CdTpLsevj+PXiTcb2hVyvkZUBg37StmgCQkaD84cUJ4uaDAWq7UJOQy2Tg==",
			"dev": true
		},
		"@types/d3-polygon": {
			"version": "3.0.0",
			"resolved": "https://registry.npmjs.org/@types/d3-polygon/-/d3-polygon-3.0.0.tgz",
			"integrity": "sha512-D49z4DyzTKXM0sGKVqiTDTYr+DHg/uxsiWDAkNrwXYuiZVd9o9wXZIo+YsHkifOiyBkmSWlEngHCQme54/hnHw==",
			"dev": true
		},
		"@types/d3-quadtree": {
			"version": "3.0.2",
			"resolved": "https://registry.npmjs.org/@types/d3-quadtree/-/d3-quadtree-3.0.2.tgz",
			"integrity": "sha512-QNcK8Jguvc8lU+4OfeNx+qnVy7c0VrDJ+CCVFS9srBo2GL9Y18CnIxBdTF3v38flrGy5s1YggcoAiu6s4fLQIw==",
			"dev": true
		},
		"@types/d3-random": {
			"version": "3.0.1",
			"resolved": "https://registry.npmjs.org/@types/d3-random/-/d3-random-3.0.1.tgz",
			"integrity": "sha512-IIE6YTekGczpLYo/HehAy3JGF1ty7+usI97LqraNa8IiDur+L44d0VOjAvFQWJVdZOJHukUJw+ZdZBlgeUsHOQ==",
			"dev": true
		},
		"@types/d3-scale": {
			"version": "4.0.2",
			"resolved": "https://registry.npmjs.org/@types/d3-scale/-/d3-scale-4.0.2.tgz",
			"integrity": "sha512-Yk4htunhPAwN0XGlIwArRomOjdoBFXC3+kCxK2Ubg7I9shQlVSJy/pG/Ht5ASN+gdMIalpk8TJ5xV74jFsetLA==",
			"dev": true,
			"requires": {
				"@types/d3-time": "*"
			}
		},
		"@types/d3-scale-chromatic": {
			"version": "3.0.0",
			"resolved": "https://registry.npmjs.org/@types/d3-scale-chromatic/-/d3-scale-chromatic-3.0.0.tgz",
			"integrity": "sha512-dsoJGEIShosKVRBZB0Vo3C8nqSDqVGujJU6tPznsBJxNJNwMF8utmS83nvCBKQYPpjCzaaHcrf66iTRpZosLPw==",
			"dev": true
		},
		"@types/d3-selection": {
			"version": "3.0.1",
			"resolved": "https://registry.npmjs.org/@types/d3-selection/-/d3-selection-3.0.1.tgz",
			"integrity": "sha512-aJ1d1SCUtERHH65bB8NNoLpUOI3z8kVcfg2BGm4rMMUwuZF4x6qnIEKjT60Vt0o7gP/a/xkRVs4D9CpDifbyRA==",
			"dev": true
		},
		"@types/d3-shape": {
			"version": "3.0.2",
			"resolved": "https://registry.npmjs.org/@types/d3-shape/-/d3-shape-3.0.2.tgz",
			"integrity": "sha512-5+ButCmIfNX8id5seZ7jKj3igdcxx+S9IDBiT35fQGTLZUfkFgTv+oBH34xgeoWDKpWcMITSzBILWQtBoN5Piw==",
			"dev": true,
			"requires": {
				"@types/d3-path": "*"
			}
		},
		"@types/d3-time": {
			"version": "3.0.0",
			"resolved": "https://registry.npmjs.org/@types/d3-time/-/d3-time-3.0.0.tgz",
			"integrity": "sha512-sZLCdHvBUcNby1cB6Fd3ZBrABbjz3v1Vm90nysCQ6Vt7vd6e/h9Lt7SiJUoEX0l4Dzc7P5llKyhqSi1ycSf1Hg==",
			"dev": true
		},
		"@types/d3-time-format": {
			"version": "4.0.0",
			"resolved": "https://registry.npmjs.org/@types/d3-time-format/-/d3-time-format-4.0.0.tgz",
			"integrity": "sha512-yjfBUe6DJBsDin2BMIulhSHmr5qNR5Pxs17+oW4DoVPyVIXZ+m6bs7j1UVKP08Emv6jRmYrYqxYzO63mQxy1rw==",
			"dev": true
		},
		"@types/d3-timer": {
			"version": "3.0.0",
			"resolved": "https://registry.npmjs.org/@types/d3-timer/-/d3-timer-3.0.0.tgz",
			"integrity": "sha512-HNB/9GHqu7Fo8AQiugyJbv6ZxYz58wef0esl4Mv828w1ZKpAshw/uFWVDUcIB9KKFeFKoxS3cHY07FFgtTRZ1g==",
			"dev": true
		},
		"@types/d3-transition": {
			"version": "3.0.1",
			"resolved": "https://registry.npmjs.org/@types/d3-transition/-/d3-transition-3.0.1.tgz",
			"integrity": "sha512-Sv4qEI9uq3bnZwlOANvYK853zvpdKEm1yz9rcc8ZTsxvRklcs9Fx4YFuGA3gXoQN/c/1T6QkVNjhaRO/cWj94g==",
			"dev": true,
			"requires": {
				"@types/d3-selection": "*"
			}
		},
		"@types/d3-zoom": {
			"version": "3.0.1",
			"resolved": "https://registry.npmjs.org/@types/d3-zoom/-/d3-zoom-3.0.1.tgz",
			"integrity": "sha512-7s5L9TjfqIYQmQQEUcpMAcBOahem7TRoSO/+Gkz02GbMVuULiZzjF2BOdw291dbO2aNon4m2OdFsRGaCq2caLQ==",
			"dev": true,
			"requires": {
				"@types/d3-interpolate": "*",
				"@types/d3-selection": "*"
			}
		},
		"@types/geojson": {
			"version": "7946.0.8",
			"resolved": "https://registry.npmjs.org/@types/geojson/-/geojson-7946.0.8.tgz",
			"integrity": "sha512-1rkryxURpr6aWP7R786/UQOkJ3PcpQiWkAXBmdWc7ryFWqN6a4xfK7BtjXvFBKO9LjQ+MWQSWxYeZX1OApnArA==",
			"dev": true
		},
		"@types/hoist-non-react-statics": {
			"version": "3.3.1",
			"resolved": "https://registry.npmjs.org/@types/hoist-non-react-statics/-/hoist-non-react-statics-3.3.1.tgz",
			"integrity": "sha512-iMIqiko6ooLrTh1joXodJK5X9xeEALT1kM5G3ZLhD3hszxBdIEd5C75U834D9mLcINgD4OyZf5uQXjkuYydWvA==",
			"dev": true,
			"requires": {
				"@types/react": "*",
				"hoist-non-react-statics": "^3.3.0"
			}
		},
		"@types/prop-types": {
			"version": "15.7.4",
			"resolved": "https://registry.npmjs.org/@types/prop-types/-/prop-types-15.7.4.tgz",
			"integrity": "sha512-rZ5drC/jWjrArrS8BR6SIr4cWpW09RNTYt9AMZo3Jwwif+iacXAqgVjm0B0Bv/S1jhDXKHqRVNCbACkJ89RAnQ==",
			"dev": true
		},
		"@types/react": {
			"version": "17.0.37",
			"resolved": "https://registry.npmjs.org/@types/react/-/react-17.0.37.tgz",
			"integrity": "sha512-2FS1oTqBGcH/s0E+CjrCCR9+JMpsu9b69RTFO+40ua43ZqP5MmQ4iUde/dMjWR909KxZwmOQIFq6AV6NjEG5xg==",
			"dev": true,
			"requires": {
				"@types/prop-types": "*",
				"@types/scheduler": "*",
				"csstype": "^3.0.2"
			}
		},
		"@types/react-redux": {
			"version": "7.1.20",
			"resolved": "https://registry.npmjs.org/@types/react-redux/-/react-redux-7.1.20.tgz",
			"integrity": "sha512-q42es4c8iIeTgcnB+yJgRTTzftv3eYYvCZOh1Ckn2eX/3o5TdsQYKUWpLoLuGlcY/p+VAhV9IOEZJcWk/vfkXw==",
			"dev": true,
			"requires": {
				"@types/hoist-non-react-statics": "^3.3.0",
				"@types/react": "*",
				"hoist-non-react-statics": "^3.3.0",
				"redux": "^4.0.0"
			}
		},
		"@types/scheduler": {
			"version": "0.16.2",
			"resolved": "https://registry.npmjs.org/@types/scheduler/-/scheduler-0.16.2.tgz",
			"integrity": "sha512-hppQEBDmlwhFAXKJX2KnWLYu5yMfi91yazPb2l+lbJiwW+wdo1gNeRA+3RgNSO39WYX2euey41KEwnqesU2Jew==",
			"dev": true
		},
		"classcat": {
			"version": "5.0.3",
			"resolved": "https://registry.npmjs.org/classcat/-/classcat-5.0.3.tgz",
			"integrity": "sha512-6dK2ke4VEJZOFx2ZfdDAl5OhEL8lvkl6EHF92IfRePfHxQTqir5NlcNVUv+2idjDqCX2NDc8m8YSAI5NI975ZQ==",
			"dev": true
		},
		"clsx": {
			"version": "1.1.1",
			"resolved": "https://registry.npmjs.org/clsx/-/clsx-1.1.1.tgz",
			"integrity": "sha512-6/bPho624p3S2pMyvP5kKBPXnI3ufHLObBFCfgx+LkeR5lg2XYy2hqZqUf45ypD8COn2bhgGJSUE+l5dhNBieA==",
			"dev": true
		},
		"csstype": {
			"version": "3.0.10",
			"resolved": "https://registry.npmjs.org/csstype/-/csstype-3.0.10.tgz",
			"integrity": "sha512-2u44ZG2OcNUO9HDp/Jl8C07x6pU/eTR3ncV91SiK3dhG9TWvRVsCoJw14Ckx5DgWkzGA3waZWO3d7pgqpUI/XA==",
			"dev": true
		},
		"d3-color": {
			"version": "3.0.1",
			"resolved": "https://registry.npmjs.org/d3-color/-/d3-color-3.0.1.tgz",
			"integrity": "sha512-6/SlHkDOBLyQSJ1j1Ghs82OIUXpKWlR0hCsw0XrLSQhuUPuCSmLQ1QPH98vpnQxMUQM2/gfAkUEWsupVpd9JGw==",
			"dev": true
		},
		"d3-dispatch": {
			"version": "3.0.1",
			"resolved": "https://registry.npmjs.org/d3-dispatch/-/d3-dispatch-3.0.1.tgz",
			"integrity": "sha512-rzUyPU/S7rwUflMyLc1ETDeBj0NRuHKKAcvukozwhshr6g6c5d8zh4c2gQjY2bZ0dXeGLWc1PF174P2tVvKhfg==",
			"dev": true
		},
		"d3-drag": {
			"version": "3.0.0",
			"resolved": "https://registry.npmjs.org/d3-drag/-/d3-drag-3.0.0.tgz",
			"integrity": "sha512-pWbUJLdETVA8lQNJecMxoXfH6x+mO2UQo8rSmZ+QqxcbyA3hfeprFgIT//HW2nlHChWeIIMwS2Fq+gEARkhTkg==",
			"dev": true,
			"requires": {
				"d3-dispatch": "1 - 3",
				"d3-selection": "3"
			}
		},
		"d3-ease": {
			"version": "3.0.1",
			"resolved": "https://registry.npmjs.org/d3-ease/-/d3-ease-3.0.1.tgz",
			"integrity": "sha512-wR/XK3D3XcLIZwpbvQwQ5fK+8Ykds1ip7A2Txe0yxncXSdq1L9skcG7blcedkOX+ZcgxGAmLX1FrRGbADwzi0w==",
			"dev": true
		},
		"d3-interpolate": {
			"version": "3.0.1",
			"resolved": "https://registry.npmjs.org/d3-interpolate/-/d3-interpolate-3.0.1.tgz",
			"integrity": "sha512-3bYs1rOD33uo8aqJfKP3JWPAibgw8Zm2+L9vBKEHJ2Rg+viTR7o5Mmv5mZcieN+FRYaAOWX5SJATX6k1PWz72g==",
			"dev": true,
			"requires": {
				"d3-color": "1 - 3"
			}
		},
		"d3-selection": {
			"version": "3.0.0",
			"resolved": "https://registry.npmjs.org/d3-selection/-/d3-selection-3.0.0.tgz",
			"integrity": "sha512-fmTRWbNMmsmWq6xJV8D19U/gw/bwrHfNXxrIN+HfZgnzqTHp9jOmKMhsTUjXOJnZOdZY9Q28y4yebKzqDKlxlQ==",
			"dev": true
		},
		"d3-timer": {
			"version": "3.0.1",
			"resolved": "https://registry.npmjs.org/d3-timer/-/d3-timer-3.0.1.tgz",
			"integrity": "sha512-ndfJ/JxxMd3nw31uyKoY2naivF+r29V+Lc0svZxe1JvvIRmi8hUsrMvdOwgS1o6uBHmiz91geQ0ylPP0aj1VUA==",
			"dev": true
		},
		"d3-transition": {
			"version": "3.0.1",
			"resolved": "https://registry.npmjs.org/d3-transition/-/d3-transition-3.0.1.tgz",
			"integrity": "sha512-ApKvfjsSR6tg06xrL434C0WydLr7JewBB3V+/39RMHsaXTOG0zmt/OAXeng5M5LBm0ojmxJrpomQVZ1aPvBL4w==",
			"dev": true,
			"requires": {
				"d3-color": "1 - 3",
				"d3-dispatch": "1 - 3",
				"d3-ease": "1 - 3",
				"d3-interpolate": "1 - 3",
				"d3-timer": "1 - 3"
			}
		},
		"d3-zoom": {
			"version": "3.0.0",
			"resolved": "https://registry.npmjs.org/d3-zoom/-/d3-zoom-3.0.0.tgz",
			"integrity": "sha512-b8AmV3kfQaqWAuacbPuNbL6vahnOJflOhexLzMMNLga62+/nh0JzvJ0aO/5a5MVgUFGS7Hu1P9P03o3fJkDCyw==",
			"dev": true,
			"requires": {
				"d3-dispatch": "1 - 3",
				"d3-drag": "2 - 3",
				"d3-interpolate": "1 - 3",
				"d3-selection": "2 - 3",
				"d3-transition": "2 - 3"
			}
		},
		"fast-deep-equal": {
			"version": "3.1.3",
			"resolved": "https://registry.npmjs.org/fast-deep-equal/-/fast-deep-equal-3.1.3.tgz",
			"integrity": "sha512-f3qQ9oQy9j2AhBe/H9VC91wLmKBCCU/gDOnKNAYG5hswO7BLKj09Hc5HYNz9cGI++xlpDCIgDaitVs03ATR84Q==",
			"dev": true
		},
		"hoist-non-react-statics": {
			"version": "3.3.2",
			"resolved": "https://registry.npmjs.org/hoist-non-react-statics/-/hoist-non-react-statics-3.3.2.tgz",
			"integrity": "sha512-/gGivxi8JPKWNm/W0jSmzcMPpfpPLc3dY/6GxhX2hQ9iGj3aDfklV4ET7NjKpSinLpJ5vafa9iiGIEZg10SfBw==",
			"dev": true,
			"requires": {
				"react-is": "^16.7.0"
			}
		},
		"js-tokens": {
			"version": "4.0.0",
			"resolved": "https://registry.npmjs.org/js-tokens/-/js-tokens-4.0.0.tgz",
			"integrity": "sha512-RdJUflcE3cUzKiMqQgsCu06FPu9UdIJO0beYbPhHN4k6apgJtifcoCtT9bcxOpYBtpD2kCM6Sbzg4CausW/PKQ==",
			"dev": true
		},
		"loose-envify": {
			"version": "1.4.0",
			"resolved": "https://registry.npmjs.org/loose-envify/-/loose-envify-1.4.0.tgz",
			"integrity": "sha512-lyuxPGr/Wfhrlem2CL/UcnUc1zcqKAImBDzukY7Y5F/yQiNdko6+fRLevlw1HgMySw7f611UIY408EtxRSoK3Q==",
			"dev": true,
			"requires": {
				"js-tokens": "^3.0.0 || ^4.0.0"
			}
		},
		"object-assign": {
			"version": "4.1.1",
			"resolved": "https://registry.npmjs.org/object-assign/-/object-assign-4.1.1.tgz",
			"integrity": "sha1-IQmtx5ZYh8/AXLvUQsrIv7s2CGM=",
			"dev": true
		},
		"prop-types": {
			"version": "15.7.2",
			"resolved": "https://registry.npmjs.org/prop-types/-/prop-types-15.7.2.tgz",
			"integrity": "sha512-8QQikdH7//R2vurIJSutZ1smHYTcLpRWEOlHnzcWHmBYrOGUysKwSsrC89BCiFj3CbrfJ/nXFdJepOVrY1GCHQ==",
			"dev": true,
			"requires": {
				"loose-envify": "^1.4.0",
				"object-assign": "^4.1.1",
				"react-is": "^16.8.1"
			}
		},
		"react": {
			"version": "16.14.0",
			"resolved": "https://registry.npmjs.org/react/-/react-16.14.0.tgz",
			"integrity": "sha512-0X2CImDkJGApiAlcf0ODKIneSwBPhqJawOa5wCtKbu7ZECrmS26NvtSILynQ66cgkT/RJ4LidJOc3bUESwmU8g==",
			"dev": true,
			"requires": {
				"loose-envify": "^1.1.0",
				"object-assign": "^4.1.1",
				"prop-types": "^15.6.2"
			}
		},
		"react-dom": {
			"version": "16.14.0",
			"resolved": "https://registry.npmjs.org/react-dom/-/react-dom-16.14.0.tgz",
			"integrity": "sha512-1gCeQXDLoIqMgqD3IO2Ah9bnf0w9kzhwN5q4FGnHZ67hBm9yePzB5JJAIQCc8x3pFnNlwFq4RidZggNAAkzWWw==",
			"dev": true,
			"requires": {
				"loose-envify": "^1.1.0",
				"object-assign": "^4.1.1",
				"prop-types": "^15.6.2",
				"scheduler": "^0.19.1"
			}
		},
		"react-draggable": {
			"version": "4.4.4",
			"resolved": "https://registry.npmjs.org/react-draggable/-/react-draggable-4.4.4.tgz",
			"integrity": "sha512-6e0WdcNLwpBx/YIDpoyd2Xb04PB0elrDrulKUgdrIlwuYvxh5Ok9M+F8cljm8kPXXs43PmMzek9RrB1b7mLMqA==",
			"dev": true,
			"requires": {
				"clsx": "^1.1.1",
				"prop-types": "^15.6.0"
			}
		},
		"react-flow-renderer": {
			"version": "9.6.11",
			"resolved": "https://registry.npmjs.org/react-flow-renderer/-/react-flow-renderer-9.6.11.tgz",
			"integrity": "sha512-6bZC5nk/8ezTFyK3YC6ewxiH8BvHlY/UmNlZGpSt84bb0hQyfLFGylmpOA/cmkCfRbW3/zeZh7in6Jkydb4X8Q==",
			"dev": true,
			"requires": {
				"@babel/runtime": "^7.16.0",
				"@types/d3": "^7.1.0",
				"@types/react-redux": "^7.1.20",
				"classcat": "^5.0.3",
				"d3-selection": "^3.0.0",
				"d3-zoom": "^3.0.0",
				"fast-deep-equal": "^3.1.3",
				"react-draggable": "^4.4.4",
				"react-redux": "^7.2.6",
				"redux": "^4.1.2"
			}
		},
		"react-is": {
			"version": "16.13.1",
			"resolved": "https://registry.npmjs.org/react-is/-/react-is-16.13.1.tgz",
			"integrity": "sha512-24e6ynE2H+OKt4kqsOvNd8kBpV65zoxbA4BVsEOB3ARVWQki/DHzaUoC5KuON/BiccDaCCTZBuOcfZs70kR8bQ==",
			"dev": true
		},
		"react-redux": {
			"version": "7.2.6",
			"resolved": "https://registry.npmjs.org/react-redux/-/react-redux-7.2.6.tgz",
			"integrity": "sha512-10RPdsz0UUrRL1NZE0ejTkucnclYSgXp5q+tB5SWx2qeG2ZJQJyymgAhwKy73yiL/13btfB6fPr+rgbMAaZIAQ==",
			"dev": true,
			"requires": {
				"@babel/runtime": "^7.15.4",
				"@types/react-redux": "^7.1.20",
				"hoist-non-react-statics": "^3.3.2",
				"loose-envify": "^1.4.0",
				"prop-types": "^15.7.2",
				"react-is": "^17.0.2"
			},
			"dependencies": {
				"react-is": {
					"version": "17.0.2",
					"resolved": "https://registry.npmjs.org/react-is/-/react-is-17.0.2.tgz",
					"integrity": "sha512-w2GsyukL62IJnlaff/nRegPQR94C/XXamvMWmSHRJ4y7Ts/4ocGRmTHvOs8PSE6pB3dWOrD/nueuU5sduBsQ4w==",
					"dev": true
				}
			}
		},
		"redux": {
			"version": "4.1.2",
			"resolved": "https://registry.npmjs.org/redux/-/redux-4.1.2.tgz",
			"integrity": "sha512-SH8PglcebESbd/shgf6mii6EIoRM0zrQyjcuQ+ojmfxjTtE0z9Y8pa62iA/OJ58qjP6j27uyW4kUF4jl/jd6sw==",
			"dev": true,
			"requires": {
				"@babel/runtime": "^7.9.2"
			}
		},
		"regenerator-runtime": {
			"version": "0.13.9",
			"resolved": "https://registry.npmjs.org/regenerator-runtime/-/regenerator-runtime-0.13.9.tgz",
			"integrity": "sha512-p3VT+cOEgxFsRRA9X4lkI1E+k2/CtnKtU4gcxyaCUreilL/vqI6CdZ3wxVUx3UOUg+gnUOQQcRI7BmSI656MYA==",
			"dev": true
		},
		"scheduler": {
			"version": "0.19.1",
			"resolved": "https://registry.npmjs.org/scheduler/-/scheduler-0.19.1.tgz",
			"integrity": "sha512-n/zwRWRYSUj0/3g/otKDRPMh6qv2SYMWNq85IEa8iZyAv8od9zDYpGSnpBEjNgcMNq6Scbu5KfIPxNF72R/2EA==",
			"dev": true,
			"requires": {
				"loose-envify": "^1.1.0",
				"object-assign": "^4.1.1"
			}
		}
	}
}
